
Microsoft Visual Studio Solution File, Format Version 11.00
# Visual Studio 2010
Project("{FAE04EC0-301F-11D3-BF4B-00C04F79EFBC}") = "BlockPartyVR", "Assembly-CSharp.csproj", "{E6BBD0E2-329E-E2D9-1A06-772D7749E199}"
EndProject
Project("{FAE04EC0-301F-11D3-BF4B-00C04F79EFBC}") = "BlockPartyVR", "Assembly-CSharp-Editor.csproj", "{007C453D-A6DF-6075-FDA6-0C948AFAC009}"
EndProject
Global
	GlobalSection(SolutionConfigurationPlatforms) = preSolution
		Debug|Any CPU = Debug|Any CPU
		Release|Any CPU = Release|Any CPU
	EndGlobalSection
	GlobalSection(ProjectConfigurationPlatforms) = postSolution
		{E6BBD0E2-329E-E2D9-1A06-772D7749E199}.Debug|Any CPU.ActiveCfg = Debug|Any CPU
		{E6BBD0E2-329E-E2D9-1A06-772D7749E199}.Debug|Any CPU.Build.0 = Debug|Any CPU
		{E6BBD0E2-329E-E2D9-1A06-772D7749E199}.Release|Any CPU.ActiveCfg = Release|Any CPU
		{E6BBD0E2-329E-E2D9-1A06-772D7749E199}.Release|Any CPU.Build.0 = Release|Any CPU
		{007C453D-A6DF-6075-FDA6-0C948AFAC009}.Debug|Any CPU.ActiveCfg = Debug|Any CPU
		{007C453D-A6DF-6075-FDA6-0C948AFAC009}.Debug|Any CPU.Build.0 = Debug|Any CPU
		{007C453D-A6DF-6075-FDA6-0C948AFAC009}.Release|Any CPU.ActiveCfg = Release|Any CPU
		{007C453D-A6DF-6075-FDA6-0C948AFAC009}.Release|Any CPU.Build.0 = Release|Any CPU
	EndGlobalSection
	GlobalSection(SolutionProperties) = preSolution
		HideSolutionNode = FALSE
	EndGlobalSection
	GlobalSection(MonoDevelopProperties) = preSolution
		StartupItem = Assembly-CSharp.csproj
	EndGlobalSection
EndGlobal
